
Microsoft Visual Studio Solution File, Format Version 12.00
# Visual Studio 2012
Project("{f2a71f9b-5d33-465a-a702-920d77279786}") = "trySkiasharp", "trySkiasharp\trySkiasharp.fsproj", "{FCA1280D-1F32-4CC9-B84B-638DB448362E}"
EndProject
Project("{f2a71f9b-5d33-465a-a702-920d77279786}") = "trySkiasharp.iOS", "iOS\trySkiasharp.iOS.fsproj", "{C9E87482-9E55-40EB-B26A-6960A37E1D4D}"
EndProject
Project("{f2a71f9b-5d33-465a-a702-920d77279786}") = "trySkiasharp.Droid", "Droid\trySkiasharp.Droid.fsproj", "{5E726B60-7652-4343-9C58-3CF57164EDB1}"
EndProject
Global
	GlobalSection(SolutionConfigurationPlatforms) = preSolution
		Debug|Any CPU = Debug|Any CPU
		Release|Any CPU = Release|Any CPU
		Debug|iPhoneSimulator = Debug|iPhoneSimulator
		Release|iPhone = Release|iPhone
		Release|iPhoneSimulator = Release|iPhoneSimulator
		Debug|iPhone = Debug|iPhone
	EndGlobalSection
	GlobalSection(ProjectConfigurationPlatforms) = postSolution
		{FCA1280D-1F32-4CC9-B84B-638DB448362E}.Debug|Any CPU.ActiveCfg = Debug|Any CPU
		{FCA1280D-1F32-4CC9-B84B-638DB448362E}.Debug|Any CPU.Build.0 = Debug|Any CPU
		{FCA1280D-1F32-4CC9-B84B-638DB448362E}.Release|Any CPU.ActiveCfg = Release|Any CPU
		{FCA1280D-1F32-4CC9-B84B-638DB448362E}.Release|Any CPU.Build.0 = Release|Any CPU
		{FCA1280D-1F32-4CC9-B84B-638DB448362E}.Debug|iPhoneSimulator.ActiveCfg = Debug|Any CPU
		{FCA1280D-1F32-4CC9-B84B-638DB448362E}.Debug|iPhoneSimulator.Build.0 = Debug|Any CPU
		{FCA1280D-1F32-4CC9-B84B-638DB448362E}.Release|iPhone.ActiveCfg = Release|Any CPU
		{FCA1280D-1F32-4CC9-B84B-638DB448362E}.Release|iPhone.Build.0 = Release|Any CPU
		{FCA1280D-1F32-4CC9-B84B-638DB448362E}.Release|iPhoneSimulator.ActiveCfg = Release|Any CPU
		{FCA1280D-1F32-4CC9-B84B-638DB448362E}.Release|iPhoneSimulator.Build.0 = Release|Any CPU
		{FCA1280D-1F32-4CC9-B84B-638DB448362E}.Debug|iPhone.ActiveCfg = Debug|Any CPU
		{FCA1280D-1F32-4CC9-B84B-638DB448362E}.Debug|iPhone.Build.0 = Debug|Any CPU
		{C9E87482-9E55-40EB-B26A-6960A37E1D4D}.Debug|Any CPU.ActiveCfg = Debug|iPhoneSimulator
		{C9E87482-9E55-40EB-B26A-6960A37E1D4D}.Debug|Any CPU.Build.0 = Debug|iPhoneSimulator
		{C9E87482-9E55-40EB-B26A-6960A37E1D4D}.Release|Any CPU.ActiveCfg = Release|iPhone
		{C9E87482-9E55-40EB-B26A-6960A37E1D4D}.Release|Any CPU.Build.0 = Release|iPhone
		{C9E87482-9E55-40EB-B26A-6960A37E1D4D}.Debug|iPhoneSimulator.ActiveCfg = Debug|iPhoneSimulator
		{C9E87482-9E55-40EB-B26A-6960A37E1D4D}.Debug|iPhoneSimulator.Build.0 = Debug|iPhoneSimulator
		{C9E87482-9E55-40EB-B26A-6960A37E1D4D}.Release|iPhone.ActiveCfg = Release|iPhone
		{C9E87482-9E55-40EB-B26A-6960A37E1D4D}.Release|iPhone.Build.0 = Release|iPhone
		{C9E87482-9E55-40EB-B26A-6960A37E1D4D}.Release|iPhoneSimulator.ActiveCfg = Release|iPhoneSimulator
		{C9E87482-9E55-40EB-B26A-6960A37E1D4D}.Release|iPhoneSimulator.Build.0 = Release|iPhoneSimulator
		{C9E87482-9E55-40EB-B26A-6960A37E1D4D}.Debug|iPhone.ActiveCfg = Debug|iPhone
		{C9E87482-9E55-40EB-B26A-6960A37E1D4D}.Debug|iPhone.Build.0 = Debug|iPhone
		{5E726B60-7652-4343-9C58-3CF57164EDB1}.Debug|Any CPU.ActiveCfg = Debug|Any CPU
		{5E726B60-7652-4343-9C58-3CF57164EDB1}.Debug|Any CPU.Build.0 = Debug|Any CPU
		{5E726B60-7652-4343-9C58-3CF57164EDB1}.Release|Any CPU.ActiveCfg = Release|Any CPU
		{5E726B60-7652-4343-9C58-3CF57164EDB1}.Release|Any CPU.Build.0 = Release|Any CPU
		{5E726B60-7652-4343-9C58-3CF57164EDB1}.Debug|iPhoneSimulator.ActiveCfg = Debug|Any CPU
		{5E726B60-7652-4343-9C58-3CF57164EDB1}.Debug|iPhoneSimulator.Build.0 = Debug|Any CPU
		{5E726B60-7652-4343-9C58-3CF57164EDB1}.Release|iPhone.ActiveCfg = Release|Any CPU
		{5E726B60-7652-4343-9C58-3CF57164EDB1}.Release|iPhone.Build.0 = Release|Any CPU
		{5E726B60-7652-4343-9C58-3CF57164EDB1}.Release|iPhoneSimulator.ActiveCfg = Release|Any CPU
		{5E726B60-7652-4343-9C58-3CF57164EDB1}.Release|iPhoneSimulator.Build.0 = Release|Any CPU
		{5E726B60-7652-4343-9C58-3CF57164EDB1}.Debug|iPhone.ActiveCfg = Debug|Any CPU
		{5E726B60-7652-4343-9C58-3CF57164EDB1}.Debug|iPhone.Build.0 = Debug|Any CPU
	EndGlobalSection
EndGlobal
